
Microsoft Visual Studio Solution File, Format Version 12.00
# Visual Studio Version 17
VisualStudioVersion = 17.1.32228.430
MinimumVisualStudioVersion = 10.0.40219.1
Project("{9A19103F-16F7-4668-BE54-9A1E7A4F7556}") = "ProTrendAPI", "ProTrendAPI\ProTrendAPI.csproj", "{C430D4A0-3071-447D-92BD-CDA1EEF61FAA}"
EndProject
Project("{2150E333-8FDC-42A3-9474-1A3956D46DE8}") = "Solution Items", "Solution Items", "{62156776-8ADF-4CB3-A8DE-2450370ACA58}"
	ProjectSection(SolutionItems) = preProject
		.editorconfig = .editorconfig
	EndProjectSection
EndProject
Global
	GlobalSection(SolutionConfigurationPlatforms) = preSolution
		Debug|Any CPU = Debug|Any CPU
		Release|Any CPU = Release|Any CPU
	EndGlobalSection
	GlobalSection(ProjectConfigurationPlatforms) = postSolution
		{C430D4A0-3071-447D-92BD-CDA1EEF61FAA}.Debug|Any CPU.ActiveCfg = Debug|Any CPU
		{C430D4A0-3071-447D-92BD-CDA1EEF61FAA}.Debug|Any CPU.Build.0 = Debug|Any CPU
		{C430D4A0-3071-447D-92BD-CDA1EEF61FAA}.Release|Any CPU.ActiveCfg = Release|Any CPU
		{C430D4A0-3071-447D-92BD-CDA1EEF61FAA}.Release|Any CPU.Build.0 = Release|Any CPU
	EndGlobalSection
	GlobalSection(SolutionProperties) = preSolution
		HideSolutionNode = FALSE
	EndGlobalSection
	GlobalSection(ExtensibilityGlobals) = postSolution
		SolutionGuid = {F8F8DBC8-9771-4298-ACAD-31F92FF10A59}
	EndGlobalSection
EndGlobal
